
Microsoft Visual Studio Solution File, Format Version 12.00
# Visual Studio 2012
Project("{FAE04EC0-301F-11D3-BF4B-00C04F79EFBC}") = "dxmppnet", "dxmppnet\dxmppnet.csproj", "{2B2184F5-B68B-4DFC-9FE1-3F41989E3999}"
EndProject
Project("{FAE04EC0-301F-11D3-BF4B-00C04F79EFBC}") = "Test", "test\Test.csproj", "{F3B7AE3D-1D82-475B-B043-A5AB6CC99FDF}"
EndProject
Global
	GlobalSection(SolutionConfigurationPlatforms) = preSolution
		Debug|Any CPU = Debug|Any CPU
		Release|Any CPU = Release|Any CPU
	EndGlobalSection
	GlobalSection(ProjectConfigurationPlatforms) = postSolution
		{2B2184F5-B68B-4DFC-9FE1-3F41989E3999}.Debug|Any CPU.ActiveCfg = Debug|Any CPU
		{2B2184F5-B68B-4DFC-9FE1-3F41989E3999}.Debug|Any CPU.Build.0 = Debug|Any CPU
		{2B2184F5-B68B-4DFC-9FE1-3F41989E3999}.Release|Any CPU.ActiveCfg = Release|Any CPU
		{2B2184F5-B68B-4DFC-9FE1-3F41989E3999}.Release|Any CPU.Build.0 = Release|Any CPU
		{F3B7AE3D-1D82-475B-B043-A5AB6CC99FDF}.Debug|Any CPU.ActiveCfg = Debug|Any CPU
		{F3B7AE3D-1D82-475B-B043-A5AB6CC99FDF}.Debug|Any CPU.Build.0 = Debug|Any CPU
		{F3B7AE3D-1D82-475B-B043-A5AB6CC99FDF}.Release|Any CPU.ActiveCfg = Release|Any CPU
		{F3B7AE3D-1D82-475B-B043-A5AB6CC99FDF}.Release|Any CPU.Build.0 = Release|Any CPU
	EndGlobalSection
	GlobalSection(MonoDevelopProperties) = preSolution
		StartupItem = test\Test.csproj
	EndGlobalSection
EndGlobal
